
Microsoft Visual Studio Solution File, Format Version 12.00
# Visual Studio 14
VisualStudioVersion = 14.0.24720.0
MinimumVisualStudioVersion = 10.0.40219.1
Project("{D2ABAB84-BF74-430A-B69E-9DC6D40DDA17}") = "BI Ster", "BI Ster\BI Ster.dwproj", "{6DD8EA96-E436-4F7F-B3FA-619BCB9A70D8}"
EndProject
Global
	GlobalSection(SolutionConfigurationPlatforms) = preSolution
		Development|Default = Development|Default
	EndGlobalSection
	GlobalSection(ProjectConfigurationPlatforms) = postSolution
		{6DD8EA96-E436-4F7F-B3FA-619BCB9A70D8}.Development|Default.ActiveCfg = Development
		{6DD8EA96-E436-4F7F-B3FA-619BCB9A70D8}.Development|Default.Build.0 = Development
		{6DD8EA96-E436-4F7F-B3FA-619BCB9A70D8}.Development|Default.Deploy.0 = Development
	EndGlobalSection
	GlobalSection(SolutionProperties) = preSolution
		HideSolutionNode = FALSE
	EndGlobalSection
EndGlobal
